
Microsoft Visual Studio Solution File, Format Version 12.00
# Visual Studio Version 17
VisualStudioVersion = 17.7.34009.444
MinimumVisualStudioVersion = 10.0.40219.1
Project("{FAE04EC0-301F-11D3-BF4B-00C04F79EFBC}") = "ConsoleApp1", "ConsoleApp1\ConsoleApp1.csproj", "{7BDE1264-AD42-4329-A82F-F36948CC0C73}"
EndProject
Project("{FAE04EC0-301F-11D3-BF4B-00C04F79EFBC}") = "BusinessLogicLayer", "BusinessLogicLayer\BusinessLogicLayer.csproj", "{205D443A-A7FF-40F3-8B28-1E1B2A7D1376}"
EndProject
Global
	GlobalSection(SolutionConfigurationPlatforms) = preSolution
		Debug|Any CPU = Debug|Any CPU
		Release|Any CPU = Release|Any CPU
	EndGlobalSection
	GlobalSection(ProjectConfigurationPlatforms) = postSolution
		{7BDE1264-AD42-4329-A82F-F36948CC0C73}.Debug|Any CPU.ActiveCfg = Debug|Any CPU
		{7BDE1264-AD42-4329-A82F-F36948CC0C73}.Debug|Any CPU.Build.0 = Debug|Any CPU
		{7BDE1264-AD42-4329-A82F-F36948CC0C73}.Release|Any CPU.ActiveCfg = Release|Any CPU
		{7BDE1264-AD42-4329-A82F-F36948CC0C73}.Release|Any CPU.Build.0 = Release|Any CPU
		{205D443A-A7FF-40F3-8B28-1E1B2A7D1376}.Debug|Any CPU.ActiveCfg = Debug|Any CPU
		{205D443A-A7FF-40F3-8B28-1E1B2A7D1376}.Debug|Any CPU.Build.0 = Debug|Any CPU
		{205D443A-A7FF-40F3-8B28-1E1B2A7D1376}.Release|Any CPU.ActiveCfg = Release|Any CPU
		{205D443A-A7FF-40F3-8B28-1E1B2A7D1376}.Release|Any CPU.Build.0 = Release|Any CPU
	EndGlobalSection
	GlobalSection(SolutionProperties) = preSolution
		HideSolutionNode = FALSE
	EndGlobalSection
	GlobalSection(ExtensibilityGlobals) = postSolution
		SolutionGuid = {9E57E6B4-0777-4D12-8C08-C62C4F05B8BE}
	EndGlobalSection
EndGlobal
