
Microsoft Visual Studio Solution File, Format Version 12.00
# Visual Studio Version 17
VisualStudioVersion = 17.7.34009.444
MinimumVisualStudioVersion = 10.0.40219.1
Project("{FAE04EC0-301F-11D3-BF4B-00C04F79EFBC}") = "ConsoleApp1", "ConsoleApp1\ConsoleApp1.csproj", "{7BDE1264-AD42-4329-A82F-F36948CC0C73}"
	ProjectSection(ProjectDependencies) = postProject
		{205D443A-A7FF-40F3-8B28-1E1B2A7D1376} = {205D443A-A7FF-40F3-8B28-1E1B2A7D1376}
	EndProjectSection
EndProject
Project("{FAE04EC0-301F-11D3-BF4B-00C04F79EFBC}") = "BusinessLogicLayer", "BusinessLogicLayer\BusinessLogicLayer.csproj", "{205D443A-A7FF-40F3-8B28-1E1B2A7D1376}"
EndProject
Project("{FAE04EC0-301F-11D3-BF4B-00C04F79EFBC}") = "HelperLayer", "HelperClass\HelperLayer.csproj", "{0DE895B0-E495-439E-A1DD-F32E36D838BD}"
EndProject
Project("{FAE04EC0-301F-11D3-BF4B-00C04F79EFBC}") = "DataAccessLayer", "DataAccessLayer\DataAccessLayer.csproj", "{E89FAC65-773D-48CB-8DA1-FCC1A343A0B4}"
EndProject
Global
	GlobalSection(SolutionConfigurationPlatforms) = preSolution
		Debug|Any CPU = Debug|Any CPU
		Release|Any CPU = Release|Any CPU
	EndGlobalSection
	GlobalSection(ProjectConfigurationPlatforms) = postSolution
		{7BDE1264-AD42-4329-A82F-F36948CC0C73}.Debug|Any CPU.ActiveCfg = Debug|Any CPU
		{7BDE1264-AD42-4329-A82F-F36948CC0C73}.Debug|Any CPU.Build.0 = Debug|Any CPU
		{7BDE1264-AD42-4329-A82F-F36948CC0C73}.Release|Any CPU.ActiveCfg = Release|Any CPU
		{7BDE1264-AD42-4329-A82F-F36948CC0C73}.Release|Any CPU.Build.0 = Release|Any CPU
		{205D443A-A7FF-40F3-8B28-1E1B2A7D1376}.Debug|Any CPU.ActiveCfg = Debug|Any CPU
		{205D443A-A7FF-40F3-8B28-1E1B2A7D1376}.Debug|Any CPU.Build.0 = Debug|Any CPU
		{205D443A-A7FF-40F3-8B28-1E1B2A7D1376}.Release|Any CPU.ActiveCfg = Release|Any CPU
		{205D443A-A7FF-40F3-8B28-1E1B2A7D1376}.Release|Any CPU.Build.0 = Release|Any CPU
		{0DE895B0-E495-439E-A1DD-F32E36D838BD}.Debug|Any CPU.ActiveCfg = Debug|Any CPU
		{0DE895B0-E495-439E-A1DD-F32E36D838BD}.Debug|Any CPU.Build.0 = Debug|Any CPU
		{0DE895B0-E495-439E-A1DD-F32E36D838BD}.Release|Any CPU.ActiveCfg = Release|Any CPU
		{0DE895B0-E495-439E-A1DD-F32E36D838BD}.Release|Any CPU.Build.0 = Release|Any CPU
		{E89FAC65-773D-48CB-8DA1-FCC1A343A0B4}.Debug|Any CPU.ActiveCfg = Debug|Any CPU
		{E89FAC65-773D-48CB-8DA1-FCC1A343A0B4}.Debug|Any CPU.Build.0 = Debug|Any CPU
		{E89FAC65-773D-48CB-8DA1-FCC1A343A0B4}.Release|Any CPU.ActiveCfg = Release|Any CPU
		{E89FAC65-773D-48CB-8DA1-FCC1A343A0B4}.Release|Any CPU.Build.0 = Release|Any CPU
	EndGlobalSection
	GlobalSection(SolutionProperties) = preSolution
		HideSolutionNode = FALSE
	EndGlobalSection
	GlobalSection(ExtensibilityGlobals) = postSolution
		SolutionGuid = {9E57E6B4-0777-4D12-8C08-C62C4F05B8BE}
	EndGlobalSection
EndGlobal
